// !$*UTF8*$!
{
	archiveVersion = 1;
	classes = {
	};
	objectVersion = 50;
	objects = {

/* Begin PBXBuildFile section */
		6C0162B6239ECE0000B518FA /* RPSGameUITests.swift in Sources */ = {isa = PBXBuildFile; fileRef = 6C0162B5239ECE0000B518FA /* RPSGameUITests.swift */; };
		6C0162BE239ECE6E00B518FA /* SnapshotHelper.swift in Sources */ = {isa = PBXBuildFile; fileRef = 6C0162BD239ECE6E00B518FA /* SnapshotHelper.swift */; };
		6C507D2822CE317B0039A777 /* AppDelegate.swift in Sources */ = {isa = PBXBuildFile; fileRef = 6C507D2722CE317B0039A777 /* AppDelegate.swift */; };
		6C507D2A22CE317B0039A777 /* SceneDelegate.swift in Sources */ = {isa = PBXBuildFile; fileRef = 6C507D2922CE317B0039A777 /* SceneDelegate.swift */; };
		6C507D2C22CE317B0039A777 /* ViewController.swift in Sources */ = {isa = PBXBuildFile; fileRef = 6C507D2B22CE317B0039A777 /* ViewController.swift */; };
		6C507D2F22CE317B0039A777 /* Main.storyboard in Resources */ = {isa = PBXBuildFile; fileRef = 6C507D2D22CE317B0039A777 /* Main.storyboard */; };
		6C507D3122CE31810039A777 /* Assets.xcassets in Resources */ = {isa = PBXBuildFile; fileRef = 6C507D3022CE31810039A777 /* Assets.xcassets */; };
		6C507D3422CE31810039A777 /* LaunchScreen.storyboard in Resources */ = {isa = PBXBuildFile; fileRef = 6C507D3222CE31810039A777 /* LaunchScreen.storyboard */; };
		6C507D3C22CE31DF0039A777 /* GameManager.swift in Sources */ = {isa = PBXBuildFile; fileRef = 6C507D3B22CE31DF0039A777 /* GameManager.swift */; };
		6C507D3F22CE32040039A777 /* VideoCapture.swift in Sources */ = {isa = PBXBuildFile; fileRef = 6C507D3E22CE32040039A777 /* VideoCapture.swift */; };
		6C507D4122CE35860039A777 /* HandSigns.mlmodel in Sources */ = {isa = PBXBuildFile; fileRef = 6C507D4022CE35860039A777 /* HandSigns.mlmodel */; };
		6CB01E302382362900B6BC75 /* RPSGameTests.swift in Sources */ = {isa = PBXBuildFile; fileRef = 6CB01E2F2382362900B6BC75 /* RPSGameTests.swift */; };
/* End PBXBuildFile section */

/* Begin PBXContainerItemProxy section */
		6C0162B8239ECE0000B518FA /* PBXContainerItemProxy */ = {
			isa = PBXContainerItemProxy;
			containerPortal = 6C507D1C22CE317B0039A777 /* Project object */;
			proxyType = 1;
			remoteGlobalIDString = 6C507D2322CE317B0039A777;
			remoteInfo = RPSGame;
		};
		6CB01E322382362900B6BC75 /* PBXContainerItemProxy */ = {
			isa = PBXContainerItemProxy;
			containerPortal = 6C507D1C22CE317B0039A777 /* Project object */;
			proxyType = 1;
			remoteGlobalIDString = 6C507D2322CE317B0039A777;
			remoteInfo = RPSGame;
		};
/* End PBXContainerItemProxy section */

/* Begin PBXFileReference section */
		6C0162B3239ECE0000B518FA /* RPSGameUITests.xctest */ = {isa = PBXFileReference; explicitFileType = wrapper.cfbundle; includeInIndex = 0; path = RPSGameUITests.xctest; sourceTree = BUILT_PRODUCTS_DIR; };
		6C0162B5239ECE0000B518FA /* RPSGameUITests.swift */ = {isa = PBXFileReference; lastKnownFileType = sourcecode.swift; path = RPSGameUITests.swift; sourceTree = "<group>"; };
		6C0162B7239ECE0000B518FA /* Info.plist */ = {isa = PBXFileReference; lastKnownFileType = text.plist.xml; path = Info.plist; sourceTree = "<group>"; };
		6C0162BD239ECE6E00B518FA /* SnapshotHelper.swift */ = {isa = PBXFileReference; fileEncoding = 4; lastKnownFileType = sourcecode.swift; name = SnapshotHelper.swift; path = fastlane/SnapshotHelper.swift; sourceTree = SOURCE_ROOT; };
		6C507D2422CE317B0039A777 /* RPSGame.app */ = {isa = PBXFileReference; explicitFileType = wrapper.application; includeInIndex = 0; path = RPSGame.app; sourceTree = BUILT_PRODUCTS_DIR; };
		6C507D2722CE317B0039A777 /* AppDelegate.swift */ = {isa = PBXFileReference; lastKnownFileType = sourcecode.swift; path = AppDelegate.swift; sourceTree = "<group>"; };
		6C507D2922CE317B0039A777 /* SceneDelegate.swift */ = {isa = PBXFileReference; lastKnownFileType = sourcecode.swift; path = SceneDelegate.swift; sourceTree = "<group>"; };
		6C507D2B22CE317B0039A777 /* ViewController.swift */ = {isa = PBXFileReference; lastKnownFileType = sourcecode.swift; path = ViewController.swift; sourceTree = "<group>"; };
		6C507D2E22CE317B0039A777 /* Base */ = {isa = PBXFileReference; lastKnownFileType = file.storyboard; name = Base; path = Base.lproj/Main.storyboard; sourceTree = "<group>"; };
		6C507D3022CE31810039A777 /* Assets.xcassets */ = {isa = PBXFileReference; lastKnownFileType = folder.assetcatalog; path = Assets.xcassets; sourceTree = "<group>"; };
		6C507D3322CE31810039A777 /* Base */ = {isa = PBXFileReference; lastKnownFileType = file.storyboard; name = Base; path = Base.lproj/LaunchScreen.storyboard; sourceTree = "<group>"; };
		6C507D3522CE31810039A777 /* Info.plist */ = {isa = PBXFileReference; lastKnownFileType = text.plist.xml; path = Info.plist; sourceTree = "<group>"; };
		6C507D3B22CE31DF0039A777 /* GameManager.swift */ = {isa = PBXFileReference; lastKnownFileType = sourcecode.swift; path = GameManager.swift; sourceTree = "<group>"; };
		6C507D3E22CE32040039A777 /* VideoCapture.swift */ = {isa = PBXFileReference; lastKnownFileType = sourcecode.swift; path = VideoCapture.swift; sourceTree = "<group>"; };
		6C507D4022CE35860039A777 /* HandSigns.mlmodel */ = {isa = PBXFileReference; lastKnownFileType = file.mlmodel; path = HandSigns.mlmodel; sourceTree = "<group>"; };
		6CB01E2D2382362900B6BC75 /* RPSGameTests.xctest */ = {isa = PBXFileReference; explicitFileType = wrapper.cfbundle; includeInIndex = 0; path = RPSGameTests.xctest; sourceTree = BUILT_PRODUCTS_DIR; };
		6CB01E2F2382362900B6BC75 /* RPSGameTests.swift */ = {isa = PBXFileReference; lastKnownFileType = sourcecode.swift; path = RPSGameTests.swift; sourceTree = "<group>"; };
		6CB01E312382362900B6BC75 /* Info.plist */ = {isa = PBXFileReference; lastKnownFileType = text.plist.xml; path = Info.plist; sourceTree = "<group>"; };
/* End PBXFileReference section */

/* Begin PBXFrameworksBuildPhase section */
		6C0162B0239ECE0000B518FA /* Frameworks */ = {
			isa = PBXFrameworksBuildPhase;
			buildActionMask = 2147483647;
			files = (
			);
			runOnlyForDeploymentPostprocessing = 0;
		};
		6C507D2122CE317B0039A777 /* Frameworks */ = {
			isa = PBXFrameworksBuildPhase;
			buildActionMask = 2147483647;
			files = (
			);
			runOnlyForDeploymentPostprocessing = 0;
		};
		6CB01E2A2382362900B6BC75 /* Frameworks */ = {
			isa = PBXFrameworksBuildPhase;
			buildActionMask = 2147483647;
			files = (
			);
			runOnlyForDeploymentPostprocessing = 0;
		};
/* End PBXFrameworksBuildPhase section */

/* Begin PBXGroup section */
		6C0162B4239ECE0000B518FA /* RPSGameUITests */ = {
			isa = PBXGroup;
			children = (
				6C0162BD239ECE6E00B518FA /* SnapshotHelper.swift */,
				6C0162B5239ECE0000B518FA /* RPSGameUITests.swift */,
				6C0162B7239ECE0000B518FA /* Info.plist */,
			);
			path = RPSGameUITests;
			sourceTree = "<group>";
		};
		6C507D1B22CE317B0039A777 = {
			isa = PBXGroup;
			children = (
				6C507D2622CE317B0039A777 /* RPSGame */,
				6CB01E2E2382362900B6BC75 /* RPSGameTests */,
				6C0162B4239ECE0000B518FA /* RPSGameUITests */,
				6C507D2522CE317B0039A777 /* Products */,
			);
			sourceTree = "<group>";
		};
		6C507D2522CE317B0039A777 /* Products */ = {
			isa = PBXGroup;
			children = (
				6C507D2422CE317B0039A777 /* RPSGame.app */,
				6CB01E2D2382362900B6BC75 /* RPSGameTests.xctest */,
				6C0162B3239ECE0000B518FA /* RPSGameUITests.xctest */,
			);
			name = Products;
			sourceTree = "<group>";
		};
		6C507D2622CE317B0039A777 /* RPSGame */ = {
			isa = PBXGroup;
			children = (
				6C507D3D22CE31E70039A777 /* CoreML */,
				6C507D2722CE317B0039A777 /* AppDelegate.swift */,
				6C507D3B22CE31DF0039A777 /* GameManager.swift */,
				6C507D2922CE317B0039A777 /* SceneDelegate.swift */,
				6C507D2B22CE317B0039A777 /* ViewController.swift */,
				6C507D2D22CE317B0039A777 /* Main.storyboard */,
				6C507D3022CE31810039A777 /* Assets.xcassets */,
				6C507D3222CE31810039A777 /* LaunchScreen.storyboard */,
				6C507D3522CE31810039A777 /* Info.plist */,
			);
			path = RPSGame;
			sourceTree = "<group>";
		};
		6C507D3D22CE31E70039A777 /* CoreML */ = {
			isa = PBXGroup;
			children = (
				6C507D4022CE35860039A777 /* HandSigns.mlmodel */,
				6C507D3E22CE32040039A777 /* VideoCapture.swift */,
			);
			path = CoreML;
			sourceTree = "<group>";
		};
		6CB01E2E2382362900B6BC75 /* RPSGameTests */ = {
			isa = PBXGroup;
			children = (
				6CB01E2F2382362900B6BC75 /* RPSGameTests.swift */,
				6CB01E312382362900B6BC75 /* Info.plist */,
			);
			path = RPSGameTests;
			sourceTree = "<group>";
		};
/* End PBXGroup section */

/* Begin PBXNativeTarget section */
		6C0162B2239ECE0000B518FA /* RPSGameUITests */ = {
			isa = PBXNativeTarget;
			buildConfigurationList = 6C0162BA239ECE0000B518FA /* Build configuration list for PBXNativeTarget "RPSGameUITests" */;
			buildPhases = (
				6C0162AF239ECE0000B518FA /* Sources */,
				6C0162B0239ECE0000B518FA /* Frameworks */,
				6C0162B1239ECE0000B518FA /* Resources */,
			);
			buildRules = (
			);
			dependencies = (
				6C0162B9239ECE0000B518FA /* PBXTargetDependency */,
			);
			name = RPSGameUITests;
			productName = RPSGameUITests;
			productReference = 6C0162B3239ECE0000B518FA /* RPSGameUITests.xctest */;
			productType = "com.apple.product-type.bundle.ui-testing";
		};
		6C507D2322CE317B0039A777 /* RPSGame */ = {
			isa = PBXNativeTarget;
			buildConfigurationList = 6C507D3822CE31810039A777 /* Build configuration list for PBXNativeTarget "RPSGame" */;
			buildPhases = (
				6C507D2022CE317B0039A777 /* Sources */,
				6C507D2122CE317B0039A777 /* Frameworks */,
				6C507D2222CE317B0039A777 /* Resources */,
			);
			buildRules = (
			);
			dependencies = (
			);
			name = RPSGame;
			productName = RPSGame;
			productReference = 6C507D2422CE317B0039A777 /* RPSGame.app */;
			productType = "com.apple.product-type.application";
		};
		6CB01E2C2382362900B6BC75 /* RPSGameTests */ = {
			isa = PBXNativeTarget;
			buildConfigurationList = 6CB01E342382362900B6BC75 /* Build configuration list for PBXNativeTarget "RPSGameTests" */;
			buildPhases = (
				6CB01E292382362900B6BC75 /* Sources */,
				6CB01E2A2382362900B6BC75 /* Frameworks */,
				6CB01E2B2382362900B6BC75 /* Resources */,
			);
			buildRules = (
			);
			dependencies = (
				6CB01E332382362900B6BC75 /* PBXTargetDependency */,
			);
			name = RPSGameTests;
			productName = RPSGameTests;
			productReference = 6CB01E2D2382362900B6BC75 /* RPSGameTests.xctest */;
			productType = "com.apple.product-type.bundle.unit-test";
		};
/* End PBXNativeTarget section */

/* Begin PBXProject section */
		6C507D1C22CE317B0039A777 /* Project object */ = {
			isa = PBXProject;
			attributes = {
				LastSwiftUpdateCheck = 1120;
				LastUpgradeCheck = 1100;
				ORGANIZATIONNAME = "João Paulo de Oliveira Sabino";
				TargetAttributes = {
					6C0162B2239ECE0000B518FA = {
						CreatedOnToolsVersion = 11.2.1;
						ProvisioningStyle = Manual;
						TestTargetID = 6C507D2322CE317B0039A777;
					};
					6C507D2322CE317B0039A777 = {
						CreatedOnToolsVersion = 11.0;
						ProvisioningStyle = Manual;
					};
					6CB01E2C2382362900B6BC75 = {
						CreatedOnToolsVersion = 11.2;
						ProvisioningStyle = Manual;
						TestTargetID = 6C507D2322CE317B0039A777;
					};
				};
			};
			buildConfigurationList = 6C507D1F22CE317B0039A777 /* Build configuration list for PBXProject "RPSGame" */;
			compatibilityVersion = "Xcode 9.3";
			developmentRegion = en;
			hasScannedForEncodings = 0;
			knownRegions = (
				en,
				Base,
			);
			mainGroup = 6C507D1B22CE317B0039A777;
			productRefGroup = 6C507D2522CE317B0039A777 /* Products */;
			projectDirPath = "";
			projectRoot = "";
			targets = (
				6C507D2322CE317B0039A777 /* RPSGame */,
				6CB01E2C2382362900B6BC75 /* RPSGameTests */,
				6C0162B2239ECE0000B518FA /* RPSGameUITests */,
			);
		};
/* End PBXProject section */

/* Begin PBXResourcesBuildPhase section */
		6C0162B1239ECE0000B518FA /* Resources */ = {
			isa = PBXResourcesBuildPhase;
			buildActionMask = 2147483647;
			files = (
			);
			runOnlyForDeploymentPostprocessing = 0;
		};
		6C507D2222CE317B0039A777 /* Resources */ = {
			isa = PBXResourcesBuildPhase;
			buildActionMask = 2147483647;
			files = (
				6C507D3422CE31810039A777 /* LaunchScreen.storyboard in Resources */,
				6C507D3122CE31810039A777 /* Assets.xcassets in Resources */,
				6C507D2F22CE317B0039A777 /* Main.storyboard in Resources */,
			);
			runOnlyForDeploymentPostprocessing = 0;
		};
		6CB01E2B2382362900B6BC75 /* Resources */ = {
			isa = PBXResourcesBuildPhase;
			buildActionMask = 2147483647;
			files = (
			);
			runOnlyForDeploymentPostprocessing = 0;
		};
/* End PBXResourcesBuildPhase section */

/* Begin PBXSourcesBuildPhase section */
		6C0162AF239ECE0000B518FA /* Sources */ = {
			isa = PBXSourcesBuildPhase;
			buildActionMask = 2147483647;
			files = (
				6C0162B6239ECE0000B518FA /* RPSGameUITests.swift in Sources */,
				6C0162BE239ECE6E00B518FA /* SnapshotHelper.swift in Sources */,
			);
			runOnlyForDeploymentPostprocessing = 0;
		};
		6C507D2022CE317B0039A777 /* Sources */ = {
			isa = PBXSourcesBuildPhase;
			buildActionMask = 2147483647;
			files = (
				6C507D4122CE35860039A777 /* HandSigns.mlmodel in Sources */,
				6C507D2C22CE317B0039A777 /* ViewController.swift in Sources */,
				6C507D3F22CE32040039A777 /* VideoCapture.swift in Sources */,
				6C507D3C22CE31DF0039A777 /* GameManager.swift in Sources */,
				6C507D2822CE317B0039A777 /* AppDelegate.swift in Sources */,
				6C507D2A22CE317B0039A777 /* SceneDelegate.swift in Sources */,
			);
			runOnlyForDeploymentPostprocessing = 0;
		};
		6CB01E292382362900B6BC75 /* Sources */ = {
			isa = PBXSourcesBuildPhase;
			buildActionMask = 2147483647;
			files = (
				6CB01E302382362900B6BC75 /* RPSGameTests.swift in Sources */,
			);
			runOnlyForDeploymentPostprocessing = 0;
		};
/* End PBXSourcesBuildPhase section */

/* Begin PBXTargetDependency section */
		6C0162B9239ECE0000B518FA /* PBXTargetDependency */ = {
			isa = PBXTargetDependency;
			target = 6C507D2322CE317B0039A777 /* RPSGame */;
			targetProxy = 6C0162B8239ECE0000B518FA /* PBXContainerItemProxy */;
		};
		6CB01E332382362900B6BC75 /* PBXTargetDependency */ = {
			isa = PBXTargetDependency;
			target = 6C507D2322CE317B0039A777 /* RPSGame */;
			targetProxy = 6CB01E322382362900B6BC75 /* PBXContainerItemProxy */;
		};
/* End PBXTargetDependency section */

/* Begin PBXVariantGroup section */
		6C507D2D22CE317B0039A777 /* Main.storyboard */ = {
			isa = PBXVariantGroup;
			children = (
				6C507D2E22CE317B0039A777 /* Base */,
			);
			name = Main.storyboard;
			sourceTree = "<group>";
		};
		6C507D3222CE31810039A777 /* LaunchScreen.storyboard */ = {
			isa = PBXVariantGroup;
			children = (
				6C507D3322CE31810039A777 /* Base */,
			);
			name = LaunchScreen.storyboard;
			sourceTree = "<group>";
		};
/* End PBXVariantGroup section */

/* Begin XCBuildConfiguration section */
		6C0162BB239ECE0000B518FA /* Debug */ = {
			isa = XCBuildConfiguration;
			buildSettings = {
				CODE_SIGN_STYLE = Manual;
				DEVELOPMENT_TEAM = V9TV25TFN7;
				INFOPLIST_FILE = RPSGameUITests/Info.plist;
				IPHONEOS_DEPLOYMENT_TARGET = 13.2;
				LD_RUNPATH_SEARCH_PATHS = (
					"$(inherited)",
					"@executable_path/Frameworks",
					"@loader_path/Frameworks",
				);
				PRODUCT_BUNDLE_IDENTIFIER = com.JP.RPSGameUITests;
				PRODUCT_NAME = "$(TARGET_NAME)";
				SWIFT_VERSION = 5.0;
				TARGETED_DEVICE_FAMILY = "1,2";
				TEST_TARGET_NAME = RPSGame;
			};
			name = Debug;
		};
		6C0162BC239ECE0000B518FA /* Release */ = {
			isa = XCBuildConfiguration;
			buildSettings = {
				CODE_SIGN_STYLE = Manual;
				DEVELOPMENT_TEAM = V9TV25TFN7;
				INFOPLIST_FILE = RPSGameUITests/Info.plist;
				IPHONEOS_DEPLOYMENT_TARGET = 13.2;
				LD_RUNPATH_SEARCH_PATHS = (
					"$(inherited)",
					"@executable_path/Frameworks",
					"@loader_path/Frameworks",
				);
				PRODUCT_BUNDLE_IDENTIFIER = com.JP.RPSGameUITests;
				PRODUCT_NAME = "$(TARGET_NAME)";
				SWIFT_VERSION = 5.0;
				TARGETED_DEVICE_FAMILY = "1,2";
				TEST_TARGET_NAME = RPSGame;
			};
			name = Release;
		};
		6C507D3622CE31810039A777 /* Debug */ = {
			isa = XCBuildConfiguration;
			buildSettings = {
				ALWAYS_SEARCH_USER_PATHS = NO;
				CLANG_ANALYZER_NONNULL = YES;
				CLANG_ANALYZER_NUMBER_OBJECT_CONVERSION = YES_AGGRESSIVE;
				CLANG_CXX_LANGUAGE_STANDARD = "gnu++14";
				CLANG_CXX_LIBRARY = "libc++";
				CLANG_ENABLE_MODULES = YES;
				CLANG_ENABLE_OBJC_ARC = YES;
				CLANG_ENABLE_OBJC_WEAK = YES;
				CLANG_WARN_BLOCK_CAPTURE_AUTORELEASING = YES;
				CLANG_WARN_BOOL_CONVERSION = YES;
				CLANG_WARN_COMMA = YES;
				CLANG_WARN_CONSTANT_CONVERSION = YES;
				CLANG_WARN_DEPRECATED_OBJC_IMPLEMENTATIONS = YES;
				CLANG_WARN_DIRECT_OBJC_ISA_USAGE = YES_ERROR;
				CLANG_WARN_DOCUMENTATION_COMMENTS = YES;
				CLANG_WARN_EMPTY_BODY = YES;
				CLANG_WARN_ENUM_CONVERSION = YES;
				CLANG_WARN_INFINITE_RECURSION = YES;
				CLANG_WARN_INT_CONVERSION = YES;
				CLANG_WARN_NON_LITERAL_NULL_CONVERSION = YES;
				CLANG_WARN_OBJC_IMPLICIT_RETAIN_SELF = YES;
				CLANG_WARN_OBJC_LITERAL_CONVERSION = YES;
				CLANG_WARN_OBJC_ROOT_CLASS = YES_ERROR;
				CLANG_WARN_RANGE_LOOP_ANALYSIS = YES;
				CLANG_WARN_STRICT_PROTOTYPES = YES;
				CLANG_WARN_SUSPICIOUS_MOVE = YES;
				CLANG_WARN_UNGUARDED_AVAILABILITY = YES_AGGRESSIVE;
				CLANG_WARN_UNREACHABLE_CODE = YES;
				CLANG_WARN__DUPLICATE_METHOD_MATCH = YES;
				COPY_PHASE_STRIP = NO;
				DEBUG_INFORMATION_FORMAT = dwarf;
				ENABLE_STRICT_OBJC_MSGSEND = YES;
				ENABLE_TESTABILITY = YES;
				GCC_C_LANGUAGE_STANDARD = gnu11;
				GCC_DYNAMIC_NO_PIC = NO;
				GCC_NO_COMMON_BLOCKS = YES;
				GCC_OPTIMIZATION_LEVEL = 0;
				GCC_PREPROCESSOR_DEFINITIONS = (
					"DEBUG=1",
					"$(inherited)",
				);
				GCC_WARN_64_TO_32_BIT_CONVERSION = YES;
				GCC_WARN_ABOUT_RETURN_TYPE = YES_ERROR;
				GCC_WARN_UNDECLARED_SELECTOR = YES;
				GCC_WARN_UNINITIALIZED_AUTOS = YES_AGGRESSIVE;
				GCC_WARN_UNUSED_FUNCTION = YES;
				GCC_WARN_UNUSED_VARIABLE = YES;
				IPHONEOS_DEPLOYMENT_TARGET = 13.0;
				MTL_ENABLE_DEBUG_INFO = INCLUDE_SOURCE;
				MTL_FAST_MATH = YES;
				ONLY_ACTIVE_ARCH = YES;
				SDKROOT = iphoneos;
				SWIFT_ACTIVE_COMPILATION_CONDITIONS = DEBUG;
				SWIFT_OPTIMIZATION_LEVEL = "-Onone";
			};
			name = Debug;
		};
		6C507D3722CE31810039A777 /* Release */ = {
			isa = XCBuildConfiguration;
			buildSettings = {
				ALWAYS_SEARCH_USER_PATHS = NO;
				CLANG_ANALYZER_NONNULL = YES;
				CLANG_ANALYZER_NUMBER_OBJECT_CONVERSION = YES_AGGRESSIVE;
				CLANG_CXX_LANGUAGE_STANDARD = "gnu++14";
				CLANG_CXX_LIBRARY = "libc++";
				CLANG_ENABLE_MODULES = YES;
				CLANG_ENABLE_OBJC_ARC = YES;
				CLANG_ENABLE_OBJC_WEAK = YES;
				CLANG_WARN_BLOCK_CAPTURE_AUTORELEASING = YES;
				CLANG_WARN_BOOL_CONVERSION = YES;
				CLANG_WARN_COMMA = YES;
				CLANG_WARN_CONSTANT_CONVERSION = YES;
				CLANG_WARN_DEPRECATED_OBJC_IMPLEMENTATIONS = YES;
				CLANG_WARN_DIRECT_OBJC_ISA_USAGE = YES_ERROR;
				CLANG_WARN_DOCUMENTATION_COMMENTS = YES;
				CLANG_WARN_EMPTY_BODY = YES;
				CLANG_WARN_ENUM_CONVERSION = YES;
				CLANG_WARN_INFINITE_RECURSION = YES;
				CLANG_WARN_INT_CONVERSION = YES;
				CLANG_WARN_NON_LITERAL_NULL_CONVERSION = YES;
				CLANG_WARN_OBJC_IMPLICIT_RETAIN_SELF = YES;
				CLANG_WARN_OBJC_LITERAL_CONVERSION = YES;
				CLANG_WARN_OBJC_ROOT_CLASS = YES_ERROR;
				CLANG_WARN_RANGE_LOOP_ANALYSIS = YES;
				CLANG_WARN_STRICT_PROTOTYPES = YES;
				CLANG_WARN_SUSPICIOUS_MOVE = YES;
				CLANG_WARN_UNGUARDED_AVAILABILITY = YES_AGGRESSIVE;
				CLANG_WARN_UNREACHABLE_CODE = YES;
				CLANG_WARN__DUPLICATE_METHOD_MATCH = YES;
				COPY_PHASE_STRIP = NO;
				DEBUG_INFORMATION_FORMAT = "dwarf-with-dsym";
				ENABLE_NS_ASSERTIONS = NO;
				ENABLE_STRICT_OBJC_MSGSEND = YES;
				GCC_C_LANGUAGE_STANDARD = gnu11;
				GCC_NO_COMMON_BLOCKS = YES;
				GCC_WARN_64_TO_32_BIT_CONVERSION = YES;
				GCC_WARN_ABOUT_RETURN_TYPE = YES_ERROR;
				GCC_WARN_UNDECLARED_SELECTOR = YES;
				GCC_WARN_UNINITIALIZED_AUTOS = YES_AGGRESSIVE;
				GCC_WARN_UNUSED_FUNCTION = YES;
				GCC_WARN_UNUSED_VARIABLE = YES;
				IPHONEOS_DEPLOYMENT_TARGET = 13.0;
				MTL_ENABLE_DEBUG_INFO = NO;
				MTL_FAST_MATH = YES;
				SDKROOT = iphoneos;
				SWIFT_COMPILATION_MODE = wholemodule;
				SWIFT_OPTIMIZATION_LEVEL = "-O";
				VALIDATE_PRODUCT = YES;
			};
			name = Release;
		};
		6C507D3922CE31810039A777 /* Debug */ = {
			isa = XCBuildConfiguration;
			buildSettings = {
				ASSETCATALOG_COMPILER_APPICON_NAME = AppIcon;
				CODE_SIGN_IDENTITY = "iPhone Developer";
				CODE_SIGN_STYLE = Manual;
				DEVELOPMENT_TEAM = V9TV25TFN7;
				INFOPLIST_FILE = RPSGame/Info.plist;
				IPHONEOS_DEPLOYMENT_TARGET = 13.0;
				LD_RUNPATH_SEARCH_PATHS = (
					"$(inherited)",
					"@executable_path/Frameworks",
				);
				PRODUCT_BUNDLE_IDENTIFIER = com.JP.RPSGame;
				PRODUCT_NAME = "$(TARGET_NAME)";
				PROVISIONING_PROFILE_SPECIFIER = "match Development com.JP.RPSGame";
				SWIFT_VERSION = 5.0;
				TARGETED_DEVICE_FAMILY = "1,2";
			};
			name = Debug;
		};
		6C507D3A22CE31810039A777 /* Release */ = {
			isa = XCBuildConfiguration;
			buildSettings = {
				ASSETCATALOG_COMPILER_APPICON_NAME = AppIcon;
				CODE_SIGN_IDENTITY = "iPhone Developer";
				CODE_SIGN_STYLE = Manual;
				DEVELOPMENT_TEAM = V9TV25TFN7;
				INFOPLIST_FILE = RPSGame/Info.plist;
				IPHONEOS_DEPLOYMENT_TARGET = 13.0;
				LD_RUNPATH_SEARCH_PATHS = (
					"$(inherited)",
					"@executable_path/Frameworks",
				);
				PRODUCT_BUNDLE_IDENTIFIER = com.JP.RPSGame;
				PRODUCT_NAME = "$(TARGET_NAME)";
				PROVISIONING_PROFILE_SPECIFIER = "match Development com.JP.RPSGame";
				SWIFT_VERSION = 5.0;
				TARGETED_DEVICE_FAMILY = "1,2";
			};
			name = Release;
		};
		6CB01E352382362900B6BC75 /* Debug */ = {
			isa = XCBuildConfiguration;
			buildSettings = {
				BUNDLE_LOADER = "$(TEST_HOST)";
				CODE_SIGN_STYLE = Manual;
				DEVELOPMENT_TEAM = V9TV25TFN7;
				INFOPLIST_FILE = RPSGameTests/Info.plist;
				IPHONEOS_DEPLOYMENT_TARGET = 13.2;
				LD_RUNPATH_SEARCH_PATHS = (
					"$(inherited)",
					"@executable_path/Frameworks",
					"@loader_path/Frameworks",
				);
				PRODUCT_BUNDLE_IDENTIFIER = com.JP.RPSGameTests;
				PRODUCT_NAME = "$(TARGET_NAME)";
				SWIFT_VERSION = 5.0;
				TARGETED_DEVICE_FAMILY = "1,2";
				TEST_HOST = "$(BUILT_PRODUCTS_DIR)/RPSGame.app/RPSGame";
			};
			name = Debug;
		};
		6CB01E362382362900B6BC75 /* Release */ = {
			isa = XCBuildConfiguration;
			buildSettings = {
				BUNDLE_LOADER = "$(TEST_HOST)";
				CODE_SIGN_STYLE = Manual;
				DEVELOPMENT_TEAM = V9TV25TFN7;
				INFOPLIST_FILE = RPSGameTests/Info.plist;
				IPHONEOS_DEPLOYMENT_TARGET = 13.2;
				LD_RUNPATH_SEARCH_PATHS = (
					"$(inherited)",
					"@executable_path/Frameworks",
					"@loader_path/Frameworks",
				);
				PRODUCT_BUNDLE_IDENTIFIER = com.JP.RPSGameTests;
				PRODUCT_NAME = "$(TARGET_NAME)";
				SWIFT_VERSION = 5.0;
				TARGETED_DEVICE_FAMILY = "1,2";
				TEST_HOST = "$(BUILT_PRODUCTS_DIR)/RPSGame.app/RPSGame";
			};
			name = Release;
		};
/* End XCBuildConfiguration section */

/* Begin XCConfigurationList section */
		6C0162BA239ECE0000B518FA /* Build configuration list for PBXNativeTarget "RPSGameUITests" */ = {
			isa = XCConfigurationList;
			buildConfigurations = (
				6C0162BB239ECE0000B518FA /* Debug */,
				6C0162BC239ECE0000B518FA /* Release */,
			);
			defaultConfigurationIsVisible = 0;
			defaultConfigurationName = Release;
		};
		6C507D1F22CE317B0039A777 /* Build configuration list for PBXProject "RPSGame" */ = {
			isa = XCConfigurationList;
			buildConfigurations = (
				6C507D3622CE31810039A777 /* Debug */,
				6C507D3722CE31810039A777 /* Release */,
			);
			defaultConfigurationIsVisible = 0;
			defaultConfigurationName = Release;
		};
		6C507D3822CE31810039A777 /* Build configuration list for PBXNativeTarget "RPSGame" */ = {
			isa = XCConfigurationList;
			buildConfigurations = (
				6C507D3922CE31810039A777 /* Debug */,
				6C507D3A22CE31810039A777 /* Release */,
			);
			defaultConfigurationIsVisible = 0;
			defaultConfigurationName = Release;
		};
		6CB01E342382362900B6BC75 /* Build configuration list for PBXNativeTarget "RPSGameTests" */ = {
			isa = XCConfigurationList;
			buildConfigurations = (
				6CB01E352382362900B6BC75 /* Debug */,
				6CB01E362382362900B6BC75 /* Release */,
			);
			defaultConfigurationIsVisible = 0;
			defaultConfigurationName = Release;
		};
/* End XCConfigurationList section */
	};
	rootObject = 6C507D1C22CE317B0039A777 /* Project object */;
}
